// !$*UTF8*$!
{
	archiveVersion = 1;
	classes = {
	};
	objectVersion = 56;
	objects = {

/* Begin PBXBuildFile section */
		327611212A4D58D90085D2C5 /* PriceChart.swift in Sources */ = {isa = PBXBuildFile; fileRef = 327611202A4D58D90085D2C5 /* PriceChart.swift */; };
		327611232A4D5F040085D2C5 /* PriceDetailText.swift in Sources */ = {isa = PBXBuildFile; fileRef = 327611222A4D5F040085D2C5 /* PriceDetailText.swift */; };
		3279B9D12A4AB61F0055D120 /* Energy Price Watch App.app in Embed Watch Content */ = {isa = PBXBuildFile; fileRef = 3279B9D02A4AB61F0055D120 /* Energy Price Watch App.app */; settings = {ATTRIBUTES = (RemoveHeadersOnCopy, ); }; };
		3279B9D62A4AB61F0055D120 /* Energy_PriceApp.swift in Sources */ = {isa = PBXBuildFile; fileRef = 3279B9D52A4AB61F0055D120 /* Energy_PriceApp.swift */; };
		3279B9D82A4AB61F0055D120 /* ContentView.swift in Sources */ = {isa = PBXBuildFile; fileRef = 3279B9D72A4AB61F0055D120 /* ContentView.swift */; };
		3279B9DA2A4AB6210055D120 /* Assets.xcassets in Resources */ = {isa = PBXBuildFile; fileRef = 3279B9D92A4AB6210055D120 /* Assets.xcassets */; };
		3279B9DD2A4AB6210055D120 /* Preview Assets.xcassets in Resources */ = {isa = PBXBuildFile; fileRef = 3279B9DC2A4AB6210055D120 /* Preview Assets.xcassets */; };
		3279B9E72A4AB6210055D120 /* Energy_Price_Watch_AppTests.swift in Sources */ = {isa = PBXBuildFile; fileRef = 3279B9E62A4AB6210055D120 /* Energy_Price_Watch_AppTests.swift */; };
		3279B9F12A4AB6210055D120 /* Energy_Price_Watch_AppUITests.swift in Sources */ = {isa = PBXBuildFile; fileRef = 3279B9F02A4AB6210055D120 /* Energy_Price_Watch_AppUITests.swift */; };
		3279B9F32A4AB6210055D120 /* Energy_Price_Watch_AppUITestsLaunchTests.swift in Sources */ = {isa = PBXBuildFile; fileRef = 3279B9F22A4AB6210055D120 /* Energy_Price_Watch_AppUITestsLaunchTests.swift */; };
		3279BA042A4AB6F70055D120 /* EnergyPriceResponse.swift in Sources */ = {isa = PBXBuildFile; fileRef = 3279BA032A4AB6F70055D120 /* EnergyPriceResponse.swift */; };
		32D94A732A516F7A00D9AA8C /* EnergyPriceAppApp.swift in Sources */ = {isa = PBXBuildFile; fileRef = 32D94A722A516F7A00D9AA8C /* EnergyPriceAppApp.swift */; };
		32D94A752A516F7A00D9AA8C /* ContentView.swift in Sources */ = {isa = PBXBuildFile; fileRef = 32D94A742A516F7A00D9AA8C /* ContentView.swift */; };
		32D94A772A516F7A00D9AA8C /* Assets.xcassets in Resources */ = {isa = PBXBuildFile; fileRef = 32D94A762A516F7A00D9AA8C /* Assets.xcassets */; };
		32D94A7B2A516F7A00D9AA8C /* Preview Assets.xcassets in Resources */ = {isa = PBXBuildFile; fileRef = 32D94A7A2A516F7A00D9AA8C /* Preview Assets.xcassets */; };
		32D94A852A516F7B00D9AA8C /* EnergyPriceAppTests.swift in Sources */ = {isa = PBXBuildFile; fileRef = 32D94A842A516F7B00D9AA8C /* EnergyPriceAppTests.swift */; };
		32D94A8F2A516F7B00D9AA8C /* EnergyPriceAppUITests.swift in Sources */ = {isa = PBXBuildFile; fileRef = 32D94A8E2A516F7B00D9AA8C /* EnergyPriceAppUITests.swift */; };
		32D94A912A516F7B00D9AA8C /* EnergyPriceAppUITestsLaunchTests.swift in Sources */ = {isa = PBXBuildFile; fileRef = 32D94A902A516F7B00D9AA8C /* EnergyPriceAppUITestsLaunchTests.swift */; };
		32E40CC82A4E14E8009A1AF2 /* WidgetKit.framework in Frameworks */ = {isa = PBXBuildFile; fileRef = 32E40CC72A4E14E8009A1AF2 /* WidgetKit.framework */; };
		32E40CCA2A4E14E8009A1AF2 /* SwiftUI.framework in Frameworks */ = {isa = PBXBuildFile; fileRef = 32E40CC92A4E14E8009A1AF2 /* SwiftUI.framework */; };
		32E40CD72A4E17A7009A1AF2 /* PriceFetch.swift in Sources */ = {isa = PBXBuildFile; fileRef = 32E40CD62A4E17A7009A1AF2 /* PriceFetch.swift */; };
		32E40CD82A4E17A7009A1AF2 /* PriceFetch.swift in Sources */ = {isa = PBXBuildFile; fileRef = 32E40CD62A4E17A7009A1AF2 /* PriceFetch.swift */; };
		32E40CDA2A4E19DD009A1AF2 /* PriceChart.swift in Sources */ = {isa = PBXBuildFile; fileRef = 327611202A4D58D90085D2C5 /* PriceChart.swift */; };
		32E40CE02A4E1DDB009A1AF2 /* WidgetKit.framework in Frameworks */ = {isa = PBXBuildFile; fileRef = 32E40CC72A4E14E8009A1AF2 /* WidgetKit.framework */; };
		32E40CE12A4E1DDB009A1AF2 /* SwiftUI.framework in Frameworks */ = {isa = PBXBuildFile; fileRef = 32E40CC92A4E14E8009A1AF2 /* SwiftUI.framework */; };
		32E40CE42A4E1DDB009A1AF2 /* EnergyPriceWidget.swift in Sources */ = {isa = PBXBuildFile; fileRef = 32E40CE32A4E1DDB009A1AF2 /* EnergyPriceWidget.swift */; };
		32E40CE62A4E1DDD009A1AF2 /* Assets.xcassets in Resources */ = {isa = PBXBuildFile; fileRef = 32E40CE52A4E1DDD009A1AF2 /* Assets.xcassets */; };
		32E40CEA2A4E1DDD009A1AF2 /* EnergyPriceWidgetExtension.appex in Embed Foundation Extensions */ = {isa = PBXBuildFile; fileRef = 32E40CDF2A4E1DDB009A1AF2 /* EnergyPriceWidgetExtension.appex */; settings = {ATTRIBUTES = (RemoveHeadersOnCopy, ); }; };
		32E40CEF2A4E1E00009A1AF2 /* EnergyPriceResponse.swift in Sources */ = {isa = PBXBuildFile; fileRef = 3279BA032A4AB6F70055D120 /* EnergyPriceResponse.swift */; };
		32E40CF02A4E1E07009A1AF2 /* PriceFetch.swift in Sources */ = {isa = PBXBuildFile; fileRef = 32E40CD62A4E17A7009A1AF2 /* PriceFetch.swift */; };
		32E40CF12A4E1ECB009A1AF2 /* PriceChart.swift in Sources */ = {isa = PBXBuildFile; fileRef = 327611202A4D58D90085D2C5 /* PriceChart.swift */; };
		32E40CF22A4F08BF009A1AF2 /* PriceDetailText.swift in Sources */ = {isa = PBXBuildFile; fileRef = 327611222A4D5F040085D2C5 /* PriceDetailText.swift */; };
/* End PBXBuildFile section */

/* Begin PBXContainerItemProxy section */
		3279B9D22A4AB61F0055D120 /* PBXContainerItemProxy */ = {
			isa = PBXContainerItemProxy;
			containerPortal = 3279B9C42A4AB61F0055D120 /* Project object */;
			proxyType = 1;
			remoteGlobalIDString = 3279B9CF2A4AB61F0055D120;
			remoteInfo = "Energy Price Watch App";
		};
		3279B9E32A4AB6210055D120 /* PBXContainerItemProxy */ = {
			isa = PBXContainerItemProxy;
			containerPortal = 3279B9C42A4AB61F0055D120 /* Project object */;
			proxyType = 1;
			remoteGlobalIDString = 3279B9CF2A4AB61F0055D120;
			remoteInfo = "Energy Price Watch App";
		};
		3279B9ED2A4AB6210055D120 /* PBXContainerItemProxy */ = {
			isa = PBXContainerItemProxy;
			containerPortal = 3279B9C42A4AB61F0055D120 /* Project object */;
			proxyType = 1;
			remoteGlobalIDString = 3279B9CF2A4AB61F0055D120;
			remoteInfo = "Energy Price Watch App";
		};
		32D94A812A516F7B00D9AA8C /* PBXContainerItemProxy */ = {
			isa = PBXContainerItemProxy;
			containerPortal = 3279B9C42A4AB61F0055D120 /* Project object */;
			proxyType = 1;
			remoteGlobalIDString = 32D94A6F2A516F7A00D9AA8C;
			remoteInfo = EnergyPriceApp;
		};
		32D94A8B2A516F7B00D9AA8C /* PBXContainerItemProxy */ = {
			isa = PBXContainerItemProxy;
			containerPortal = 3279B9C42A4AB61F0055D120 /* Project object */;
			proxyType = 1;
			remoteGlobalIDString = 32D94A6F2A516F7A00D9AA8C;
			remoteInfo = EnergyPriceApp;
		};
		32E40CE82A4E1DDD009A1AF2 /* PBXContainerItemProxy */ = {
			isa = PBXContainerItemProxy;
			containerPortal = 3279B9C42A4AB61F0055D120 /* Project object */;
			proxyType = 1;
			remoteGlobalIDString = 32E40CDE2A4E1DDB009A1AF2;
			remoteInfo = EnergyPriceWidgetExtension;
		};
/* End PBXContainerItemProxy section */

/* Begin PBXCopyFilesBuildPhase section */
		3279B9F92A4AB6210055D120 /* Embed Watch Content */ = {
			isa = PBXCopyFilesBuildPhase;
			buildActionMask = 2147483647;
			dstPath = "$(CONTENTS_FOLDER_PATH)/Watch";
			dstSubfolderSpec = 16;
			files = (
				3279B9D12A4AB61F0055D120 /* Energy Price Watch App.app in Embed Watch Content */,
			);
			name = "Embed Watch Content";
			runOnlyForDeploymentPostprocessing = 0;
		};
		32E40CEE2A4E1DDD009A1AF2 /* Embed Foundation Extensions */ = {
			isa = PBXCopyFilesBuildPhase;
			buildActionMask = 2147483647;
			dstPath = "";
			dstSubfolderSpec = 13;
			files = (
				32E40CEA2A4E1DDD009A1AF2 /* EnergyPriceWidgetExtension.appex in Embed Foundation Extensions */,
			);
			name = "Embed Foundation Extensions";
			runOnlyForDeploymentPostprocessing = 0;
		};
/* End PBXCopyFilesBuildPhase section */

/* Begin PBXFileReference section */
		327611202A4D58D90085D2C5 /* PriceChart.swift */ = {isa = PBXFileReference; lastKnownFileType = sourcecode.swift; path = PriceChart.swift; sourceTree = "<group>"; };
		327611222A4D5F040085D2C5 /* PriceDetailText.swift */ = {isa = PBXFileReference; lastKnownFileType = sourcecode.swift; path = PriceDetailText.swift; sourceTree = "<group>"; };
		3279B9CA2A4AB61F0055D120 /* Energy Price.app */ = {isa = PBXFileReference; explicitFileType = wrapper.application; includeInIndex = 0; path = "Energy Price.app"; sourceTree = BUILT_PRODUCTS_DIR; };
		3279B9D02A4AB61F0055D120 /* Energy Price Watch App.app */ = {isa = PBXFileReference; explicitFileType = wrapper.application; includeInIndex = 0; path = "Energy Price Watch App.app"; sourceTree = BUILT_PRODUCTS_DIR; };
		3279B9D52A4AB61F0055D120 /* Energy_PriceApp.swift */ = {isa = PBXFileReference; lastKnownFileType = sourcecode.swift; path = Energy_PriceApp.swift; sourceTree = "<group>"; };
		3279B9D72A4AB61F0055D120 /* ContentView.swift */ = {isa = PBXFileReference; lastKnownFileType = sourcecode.swift; path = ContentView.swift; sourceTree = "<group>"; };
		3279B9D92A4AB6210055D120 /* Assets.xcassets */ = {isa = PBXFileReference; lastKnownFileType = folder.assetcatalog; path = Assets.xcassets; sourceTree = "<group>"; };
		3279B9DC2A4AB6210055D120 /* Preview Assets.xcassets */ = {isa = PBXFileReference; lastKnownFileType = folder.assetcatalog; path = "Preview Assets.xcassets"; sourceTree = "<group>"; };
		3279B9E22A4AB6210055D120 /* Energy Price Watch AppTests.xctest */ = {isa = PBXFileReference; explicitFileType = wrapper.cfbundle; includeInIndex = 0; path = "Energy Price Watch AppTests.xctest"; sourceTree = BUILT_PRODUCTS_DIR; };
		3279B9E62A4AB6210055D120 /* Energy_Price_Watch_AppTests.swift */ = {isa = PBXFileReference; lastKnownFileType = sourcecode.swift; path = Energy_Price_Watch_AppTests.swift; sourceTree = "<group>"; };
		3279B9EC2A4AB6210055D120 /* Energy Price Watch AppUITests.xctest */ = {isa = PBXFileReference; explicitFileType = wrapper.cfbundle; includeInIndex = 0; path = "Energy Price Watch AppUITests.xctest"; sourceTree = BUILT_PRODUCTS_DIR; };
		3279B9F02A4AB6210055D120 /* Energy_Price_Watch_AppUITests.swift */ = {isa = PBXFileReference; lastKnownFileType = sourcecode.swift; path = Energy_Price_Watch_AppUITests.swift; sourceTree = "<group>"; };
		3279B9F22A4AB6210055D120 /* Energy_Price_Watch_AppUITestsLaunchTests.swift */ = {isa = PBXFileReference; lastKnownFileType = sourcecode.swift; path = Energy_Price_Watch_AppUITestsLaunchTests.swift; sourceTree = "<group>"; };
		3279BA032A4AB6F70055D120 /* EnergyPriceResponse.swift */ = {isa = PBXFileReference; lastKnownFileType = sourcecode.swift; path = EnergyPriceResponse.swift; sourceTree = "<group>"; };
		32D94A702A516F7A00D9AA8C /* EnergyPriceApp.app */ = {isa = PBXFileReference; explicitFileType = wrapper.application; includeInIndex = 0; path = EnergyPriceApp.app; sourceTree = BUILT_PRODUCTS_DIR; };
		32D94A722A516F7A00D9AA8C /* EnergyPriceAppApp.swift */ = {isa = PBXFileReference; lastKnownFileType = sourcecode.swift; path = EnergyPriceAppApp.swift; sourceTree = "<group>"; };
		32D94A742A516F7A00D9AA8C /* ContentView.swift */ = {isa = PBXFileReference; lastKnownFileType = sourcecode.swift; path = ContentView.swift; sourceTree = "<group>"; };
		32D94A762A516F7A00D9AA8C /* Assets.xcassets */ = {isa = PBXFileReference; lastKnownFileType = folder.assetcatalog; path = Assets.xcassets; sourceTree = "<group>"; };
		32D94A782A516F7A00D9AA8C /* EnergyPriceApp.entitlements */ = {isa = PBXFileReference; lastKnownFileType = text.plist.entitlements; path = EnergyPriceApp.entitlements; sourceTree = "<group>"; };
		32D94A7A2A516F7A00D9AA8C /* Preview Assets.xcassets */ = {isa = PBXFileReference; lastKnownFileType = folder.assetcatalog; path = "Preview Assets.xcassets"; sourceTree = "<group>"; };
		32D94A802A516F7B00D9AA8C /* EnergyPriceAppTests.xctest */ = {isa = PBXFileReference; explicitFileType = wrapper.cfbundle; includeInIndex = 0; path = EnergyPriceAppTests.xctest; sourceTree = BUILT_PRODUCTS_DIR; };
		32D94A842A516F7B00D9AA8C /* EnergyPriceAppTests.swift */ = {isa = PBXFileReference; lastKnownFileType = sourcecode.swift; path = EnergyPriceAppTests.swift; sourceTree = "<group>"; };
		32D94A8A2A516F7B00D9AA8C /* EnergyPriceAppUITests.xctest */ = {isa = PBXFileReference; explicitFileType = wrapper.cfbundle; includeInIndex = 0; path = EnergyPriceAppUITests.xctest; sourceTree = BUILT_PRODUCTS_DIR; };
		32D94A8E2A516F7B00D9AA8C /* EnergyPriceAppUITests.swift */ = {isa = PBXFileReference; lastKnownFileType = sourcecode.swift; path = EnergyPriceAppUITests.swift; sourceTree = "<group>"; };
		32D94A902A516F7B00D9AA8C /* EnergyPriceAppUITestsLaunchTests.swift */ = {isa = PBXFileReference; lastKnownFileType = sourcecode.swift; path = EnergyPriceAppUITestsLaunchTests.swift; sourceTree = "<group>"; };
		32E40CC52A4E14E8009A1AF2 /* PriceGraphWidgetExtension.appex */ = {isa = PBXFileReference; explicitFileType = "wrapper.app-extension"; includeInIndex = 0; path = PriceGraphWidgetExtension.appex; sourceTree = BUILT_PRODUCTS_DIR; };
		32E40CC72A4E14E8009A1AF2 /* WidgetKit.framework */ = {isa = PBXFileReference; lastKnownFileType = wrapper.framework; name = WidgetKit.framework; path = System/Library/Frameworks/WidgetKit.framework; sourceTree = SDKROOT; };
		32E40CC92A4E14E8009A1AF2 /* SwiftUI.framework */ = {isa = PBXFileReference; lastKnownFileType = wrapper.framework; name = SwiftUI.framework; path = System/Library/Frameworks/SwiftUI.framework; sourceTree = SDKROOT; };
		32E40CD62A4E17A7009A1AF2 /* PriceFetch.swift */ = {isa = PBXFileReference; lastKnownFileType = sourcecode.swift; path = PriceFetch.swift; sourceTree = "<group>"; };
		32E40CDF2A4E1DDB009A1AF2 /* EnergyPriceWidgetExtension.appex */ = {isa = PBXFileReference; explicitFileType = "wrapper.app-extension"; includeInIndex = 0; path = EnergyPriceWidgetExtension.appex; sourceTree = BUILT_PRODUCTS_DIR; };
		32E40CE32A4E1DDB009A1AF2 /* EnergyPriceWidget.swift */ = {isa = PBXFileReference; lastKnownFileType = sourcecode.swift; path = EnergyPriceWidget.swift; sourceTree = "<group>"; };
		32E40CE52A4E1DDD009A1AF2 /* Assets.xcassets */ = {isa = PBXFileReference; lastKnownFileType = folder.assetcatalog; path = Assets.xcassets; sourceTree = "<group>"; };
		32E40CE72A4E1DDD009A1AF2 /* Info.plist */ = {isa = PBXFileReference; lastKnownFileType = text.plist.xml; path = Info.plist; sourceTree = "<group>"; };
/* End PBXFileReference section */

/* Begin PBXFrameworksBuildPhase section */
		3279B9CD2A4AB61F0055D120 /* Frameworks */ = {
			isa = PBXFrameworksBuildPhase;
			buildActionMask = 2147483647;
			files = (
			);
			runOnlyForDeploymentPostprocessing = 0;
		};
		3279B9DF2A4AB6210055D120 /* Frameworks */ = {
			isa = PBXFrameworksBuildPhase;
			buildActionMask = 2147483647;
			files = (
			);
			runOnlyForDeploymentPostprocessing = 0;
		};
		3279B9E92A4AB6210055D120 /* Frameworks */ = {
			isa = PBXFrameworksBuildPhase;
			buildActionMask = 2147483647;
			files = (
			);
			runOnlyForDeploymentPostprocessing = 0;
		};
		32D94A6D2A516F7A00D9AA8C /* Frameworks */ = {
			isa = PBXFrameworksBuildPhase;
			buildActionMask = 2147483647;
			files = (
			);
			runOnlyForDeploymentPostprocessing = 0;
		};
		32D94A7D2A516F7B00D9AA8C /* Frameworks */ = {
			isa = PBXFrameworksBuildPhase;
			buildActionMask = 2147483647;
			files = (
			);
			runOnlyForDeploymentPostprocessing = 0;
		};
		32D94A872A516F7B00D9AA8C /* Frameworks */ = {
			isa = PBXFrameworksBuildPhase;
			buildActionMask = 2147483647;
			files = (
			);
			runOnlyForDeploymentPostprocessing = 0;
		};
		32E40CC22A4E14E8009A1AF2 /* Frameworks */ = {
			isa = PBXFrameworksBuildPhase;
			buildActionMask = 2147483647;
			files = (
				32E40CCA2A4E14E8009A1AF2 /* SwiftUI.framework in Frameworks */,
				32E40CC82A4E14E8009A1AF2 /* WidgetKit.framework in Frameworks */,
			);
			runOnlyForDeploymentPostprocessing = 0;
		};
		32E40CDC2A4E1DDB009A1AF2 /* Frameworks */ = {
			isa = PBXFrameworksBuildPhase;
			buildActionMask = 2147483647;
			files = (
				32E40CE12A4E1DDB009A1AF2 /* SwiftUI.framework in Frameworks */,
				32E40CE02A4E1DDB009A1AF2 /* WidgetKit.framework in Frameworks */,
			);
			runOnlyForDeploymentPostprocessing = 0;
		};
/* End PBXFrameworksBuildPhase section */

/* Begin PBXGroup section */
		3279B9C32A4AB61F0055D120 = {
			isa = PBXGroup;
			children = (
				3279B9D42A4AB61F0055D120 /* Energy Price Watch App */,
				3279B9E52A4AB6210055D120 /* Energy Price Watch AppTests */,
				3279B9EF2A4AB6210055D120 /* Energy Price Watch AppUITests */,
				32E40CE22A4E1DDB009A1AF2 /* EnergyPriceWidget */,
				32D94A712A516F7A00D9AA8C /* EnergyPriceApp */,
				32D94A832A516F7B00D9AA8C /* EnergyPriceAppTests */,
				32D94A8D2A516F7B00D9AA8C /* EnergyPriceAppUITests */,
				32E40CC62A4E14E8009A1AF2 /* Frameworks */,
				3279B9CB2A4AB61F0055D120 /* Products */,
			);
			sourceTree = "<group>";
		};
		3279B9CB2A4AB61F0055D120 /* Products */ = {
			isa = PBXGroup;
			children = (
				3279B9CA2A4AB61F0055D120 /* Energy Price.app */,
				3279B9D02A4AB61F0055D120 /* Energy Price Watch App.app */,
				3279B9E22A4AB6210055D120 /* Energy Price Watch AppTests.xctest */,
				3279B9EC2A4AB6210055D120 /* Energy Price Watch AppUITests.xctest */,
				32E40CC52A4E14E8009A1AF2 /* PriceGraphWidgetExtension.appex */,
				32E40CDF2A4E1DDB009A1AF2 /* EnergyPriceWidgetExtension.appex */,
				32D94A702A516F7A00D9AA8C /* EnergyPriceApp.app */,
				32D94A802A516F7B00D9AA8C /* EnergyPriceAppTests.xctest */,
				32D94A8A2A516F7B00D9AA8C /* EnergyPriceAppUITests.xctest */,
			);
			name = Products;
			sourceTree = "<group>";
		};
		3279B9D42A4AB61F0055D120 /* Energy Price Watch App */ = {
			isa = PBXGroup;
			children = (
				3279B9D52A4AB61F0055D120 /* Energy_PriceApp.swift */,
				3279B9D72A4AB61F0055D120 /* ContentView.swift */,
				3279B9D92A4AB6210055D120 /* Assets.xcassets */,
				3279B9DB2A4AB6210055D120 /* Preview Content */,
				3279BA032A4AB6F70055D120 /* EnergyPriceResponse.swift */,
				327611202A4D58D90085D2C5 /* PriceChart.swift */,
				327611222A4D5F040085D2C5 /* PriceDetailText.swift */,
				32E40CD62A4E17A7009A1AF2 /* PriceFetch.swift */,
			);
			path = "Energy Price Watch App";
			sourceTree = "<group>";
		};
		3279B9DB2A4AB6210055D120 /* Preview Content */ = {
			isa = PBXGroup;
			children = (
				3279B9DC2A4AB6210055D120 /* Preview Assets.xcassets */,
			);
			path = "Preview Content";
			sourceTree = "<group>";
		};
		3279B9E52A4AB6210055D120 /* Energy Price Watch AppTests */ = {
			isa = PBXGroup;
			children = (
				3279B9E62A4AB6210055D120 /* Energy_Price_Watch_AppTests.swift */,
			);
			path = "Energy Price Watch AppTests";
			sourceTree = "<group>";
		};
		3279B9EF2A4AB6210055D120 /* Energy Price Watch AppUITests */ = {
			isa = PBXGroup;
			children = (
				3279B9F02A4AB6210055D120 /* Energy_Price_Watch_AppUITests.swift */,
				3279B9F22A4AB6210055D120 /* Energy_Price_Watch_AppUITestsLaunchTests.swift */,
			);
			path = "Energy Price Watch AppUITests";
			sourceTree = "<group>";
		};
		32D94A712A516F7A00D9AA8C /* EnergyPriceApp */ = {
			isa = PBXGroup;
			children = (
				32D94A722A516F7A00D9AA8C /* EnergyPriceAppApp.swift */,
				32D94A742A516F7A00D9AA8C /* ContentView.swift */,
				32D94A762A516F7A00D9AA8C /* Assets.xcassets */,
				32D94A782A516F7A00D9AA8C /* EnergyPriceApp.entitlements */,
				32D94A792A516F7A00D9AA8C /* Preview Content */,
			);
			path = EnergyPriceApp;
			sourceTree = "<group>";
		};
		32D94A792A516F7A00D9AA8C /* Preview Content */ = {
			isa = PBXGroup;
			children = (
				32D94A7A2A516F7A00D9AA8C /* Preview Assets.xcassets */,
			);
			path = "Preview Content";
			sourceTree = "<group>";
		};
		32D94A832A516F7B00D9AA8C /* EnergyPriceAppTests */ = {
			isa = PBXGroup;
			children = (
				32D94A842A516F7B00D9AA8C /* EnergyPriceAppTests.swift */,
			);
			path = EnergyPriceAppTests;
			sourceTree = "<group>";
		};
		32D94A8D2A516F7B00D9AA8C /* EnergyPriceAppUITests */ = {
			isa = PBXGroup;
			children = (
				32D94A8E2A516F7B00D9AA8C /* EnergyPriceAppUITests.swift */,
				32D94A902A516F7B00D9AA8C /* EnergyPriceAppUITestsLaunchTests.swift */,
			);
			path = EnergyPriceAppUITests;
			sourceTree = "<group>";
		};
		32E40CC62A4E14E8009A1AF2 /* Frameworks */ = {
			isa = PBXGroup;
			children = (
				32E40CC72A4E14E8009A1AF2 /* WidgetKit.framework */,
				32E40CC92A4E14E8009A1AF2 /* SwiftUI.framework */,
			);
			name = Frameworks;
			sourceTree = "<group>";
		};
		32E40CE22A4E1DDB009A1AF2 /* EnergyPriceWidget */ = {
			isa = PBXGroup;
			children = (
				32E40CE32A4E1DDB009A1AF2 /* EnergyPriceWidget.swift */,
				32E40CE52A4E1DDD009A1AF2 /* Assets.xcassets */,
				32E40CE72A4E1DDD009A1AF2 /* Info.plist */,
			);
			path = EnergyPriceWidget;
			sourceTree = "<group>";
		};
/* End PBXGroup section */

/* Begin PBXNativeTarget section */
		3279B9C92A4AB61F0055D120 /* Energy Price */ = {
			isa = PBXNativeTarget;
			buildConfigurationList = 3279B9FA2A4AB6210055D120 /* Build configuration list for PBXNativeTarget "Energy Price" */;
			buildPhases = (
				3279B9C82A4AB61F0055D120 /* Resources */,
				3279B9F92A4AB6210055D120 /* Embed Watch Content */,
			);
			buildRules = (
			);
			dependencies = (
				3279B9D32A4AB61F0055D120 /* PBXTargetDependency */,
			);
			name = "Energy Price";
			productName = "Energy Price";
			productReference = 3279B9CA2A4AB61F0055D120 /* Energy Price.app */;
			productType = "com.apple.product-type.application.watchapp2-container";
		};
		3279B9CF2A4AB61F0055D120 /* Energy Price Watch App */ = {
			isa = PBXNativeTarget;
			buildConfigurationList = 3279B9F62A4AB6210055D120 /* Build configuration list for PBXNativeTarget "Energy Price Watch App" */;
			buildPhases = (
				3279B9CC2A4AB61F0055D120 /* Sources */,
				3279B9CD2A4AB61F0055D120 /* Frameworks */,
				3279B9CE2A4AB61F0055D120 /* Resources */,
				32E40CEE2A4E1DDD009A1AF2 /* Embed Foundation Extensions */,
			);
			buildRules = (
			);
			dependencies = (
				32E40CE92A4E1DDD009A1AF2 /* PBXTargetDependency */,
			);
			name = "Energy Price Watch App";
			productName = "Energy Price Watch App";
			productReference = 3279B9D02A4AB61F0055D120 /* Energy Price Watch App.app */;
			productType = "com.apple.product-type.application";
		};
		3279B9E12A4AB6210055D120 /* Energy Price Watch AppTests */ = {
			isa = PBXNativeTarget;
			buildConfigurationList = 3279B9FD2A4AB6210055D120 /* Build configuration list for PBXNativeTarget "Energy Price Watch AppTests" */;
			buildPhases = (
				3279B9DE2A4AB6210055D120 /* Sources */,
				3279B9DF2A4AB6210055D120 /* Frameworks */,
				3279B9E02A4AB6210055D120 /* Resources */,
			);
			buildRules = (
			);
			dependencies = (
				3279B9E42A4AB6210055D120 /* PBXTargetDependency */,
			);
			name = "Energy Price Watch AppTests";
			productName = "Energy Price Watch AppTests";
			productReference = 3279B9E22A4AB6210055D120 /* Energy Price Watch AppTests.xctest */;
			productType = "com.apple.product-type.bundle.unit-test";
		};
		3279B9EB2A4AB6210055D120 /* Energy Price Watch AppUITests */ = {
			isa = PBXNativeTarget;
			buildConfigurationList = 3279BA002A4AB6210055D120 /* Build configuration list for PBXNativeTarget "Energy Price Watch AppUITests" */;
			buildPhases = (
				3279B9E82A4AB6210055D120 /* Sources */,
				3279B9E92A4AB6210055D120 /* Frameworks */,
				3279B9EA2A4AB6210055D120 /* Resources */,
			);
			buildRules = (
			);
			dependencies = (
				3279B9EE2A4AB6210055D120 /* PBXTargetDependency */,
			);
			name = "Energy Price Watch AppUITests";
			productName = "Energy Price Watch AppUITests";
			productReference = 3279B9EC2A4AB6210055D120 /* Energy Price Watch AppUITests.xctest */;
			productType = "com.apple.product-type.bundle.ui-testing";
		};
		32D94A6F2A516F7A00D9AA8C /* EnergyPriceApp */ = {
			isa = PBXNativeTarget;
			buildConfigurationList = 32D94A982A516F7B00D9AA8C /* Build configuration list for PBXNativeTarget "EnergyPriceApp" */;
			buildPhases = (
				32D94A6C2A516F7A00D9AA8C /* Sources */,
				32D94A6D2A516F7A00D9AA8C /* Frameworks */,
				32D94A6E2A516F7A00D9AA8C /* Resources */,
			);
			buildRules = (
			);
			dependencies = (
			);
			name = EnergyPriceApp;
			productName = EnergyPriceApp;
			productReference = 32D94A702A516F7A00D9AA8C /* EnergyPriceApp.app */;
			productType = "com.apple.product-type.application";
		};
		32D94A7F2A516F7B00D9AA8C /* EnergyPriceAppTests */ = {
			isa = PBXNativeTarget;
			buildConfigurationList = 32D94A992A516F7B00D9AA8C /* Build configuration list for PBXNativeTarget "EnergyPriceAppTests" */;
			buildPhases = (
				32D94A7C2A516F7B00D9AA8C /* Sources */,
				32D94A7D2A516F7B00D9AA8C /* Frameworks */,
				32D94A7E2A516F7B00D9AA8C /* Resources */,
			);
			buildRules = (
			);
			dependencies = (
				32D94A822A516F7B00D9AA8C /* PBXTargetDependency */,
			);
			name = EnergyPriceAppTests;
			productName = EnergyPriceAppTests;
			productReference = 32D94A802A516F7B00D9AA8C /* EnergyPriceAppTests.xctest */;
			productType = "com.apple.product-type.bundle.unit-test";
		};
		32D94A892A516F7B00D9AA8C /* EnergyPriceAppUITests */ = {
			isa = PBXNativeTarget;
			buildConfigurationList = 32D94A9A2A516F7B00D9AA8C /* Build configuration list for PBXNativeTarget "EnergyPriceAppUITests" */;
			buildPhases = (
				32D94A862A516F7B00D9AA8C /* Sources */,
				32D94A872A516F7B00D9AA8C /* Frameworks */,
				32D94A882A516F7B00D9AA8C /* Resources */,
			);
			buildRules = (
			);
			dependencies = (
				32D94A8C2A516F7B00D9AA8C /* PBXTargetDependency */,
			);
			name = EnergyPriceAppUITests;
			productName = EnergyPriceAppUITests;
			productReference = 32D94A8A2A516F7B00D9AA8C /* EnergyPriceAppUITests.xctest */;
			productType = "com.apple.product-type.bundle.ui-testing";
		};
		32E40CC42A4E14E8009A1AF2 /* PriceGraphWidgetExtension */ = {
			isa = PBXNativeTarget;
			buildConfigurationList = 32E40CD32A4E14EA009A1AF2 /* Build configuration list for PBXNativeTarget "PriceGraphWidgetExtension" */;
			buildPhases = (
				32E40CC12A4E14E8009A1AF2 /* Sources */,
				32E40CC22A4E14E8009A1AF2 /* Frameworks */,
				32E40CC32A4E14E8009A1AF2 /* Resources */,
			);
			buildRules = (
			);
			dependencies = (
			);
			name = PriceGraphWidgetExtension;
			productName = PriceGraphWidgetExtension;
			productReference = 32E40CC52A4E14E8009A1AF2 /* PriceGraphWidgetExtension.appex */;
			productType = "com.apple.product-type.app-extension";
		};
		32E40CDE2A4E1DDB009A1AF2 /* EnergyPriceWidgetExtension */ = {
			isa = PBXNativeTarget;
			buildConfigurationList = 32E40CEB2A4E1DDD009A1AF2 /* Build configuration list for PBXNativeTarget "EnergyPriceWidgetExtension" */;
			buildPhases = (
				32E40CDB2A4E1DDB009A1AF2 /* Sources */,
				32E40CDC2A4E1DDB009A1AF2 /* Frameworks */,
				32E40CDD2A4E1DDB009A1AF2 /* Resources */,
			);
			buildRules = (
			);
			dependencies = (
			);
			name = EnergyPriceWidgetExtension;
			productName = EnergyPriceWidgetExtension;
			productReference = 32E40CDF2A4E1DDB009A1AF2 /* EnergyPriceWidgetExtension.appex */;
			productType = "com.apple.product-type.app-extension";
		};
/* End PBXNativeTarget section */

/* Begin PBXProject section */
		3279B9C42A4AB61F0055D120 /* Project object */ = {
			isa = PBXProject;
			attributes = {
				BuildIndependentTargetsInParallel = 1;
				LastSwiftUpdateCheck = 1500;
				LastUpgradeCheck = 1500;
				TargetAttributes = {
					3279B9C92A4AB61F0055D120 = {
						CreatedOnToolsVersion = 15.0;
					};
					3279B9CF2A4AB61F0055D120 = {
						CreatedOnToolsVersion = 15.0;
					};
					3279B9E12A4AB6210055D120 = {
						CreatedOnToolsVersion = 15.0;
						TestTargetID = 3279B9CF2A4AB61F0055D120;
					};
					3279B9EB2A4AB6210055D120 = {
						CreatedOnToolsVersion = 15.0;
						TestTargetID = 3279B9CF2A4AB61F0055D120;
					};
					32D94A6F2A516F7A00D9AA8C = {
						CreatedOnToolsVersion = 15.0;
					};
					32D94A7F2A516F7B00D9AA8C = {
						CreatedOnToolsVersion = 15.0;
						TestTargetID = 32D94A6F2A516F7A00D9AA8C;
					};
					32D94A892A516F7B00D9AA8C = {
						CreatedOnToolsVersion = 15.0;
						TestTargetID = 32D94A6F2A516F7A00D9AA8C;
					};
					32E40CC42A4E14E8009A1AF2 = {
						CreatedOnToolsVersion = 15.0;
					};
					32E40CDE2A4E1DDB009A1AF2 = {
						CreatedOnToolsVersion = 15.0;
					};
				};
			};
			buildConfigurationList = 3279B9C72A4AB61F0055D120 /* Build configuration list for PBXProject "Energy Price" */;
			compatibilityVersion = "Xcode 14.0";
			developmentRegion = en;
			hasScannedForEncodings = 0;
			knownRegions = (
				en,
				Base,
			);
			mainGroup = 3279B9C32A4AB61F0055D120;
			productRefGroup = 3279B9CB2A4AB61F0055D120 /* Products */;
			projectDirPath = "";
			projectRoot = "";
			targets = (
				3279B9C92A4AB61F0055D120 /* Energy Price */,
				3279B9CF2A4AB61F0055D120 /* Energy Price Watch App */,
				3279B9E12A4AB6210055D120 /* Energy Price Watch AppTests */,
				3279B9EB2A4AB6210055D120 /* Energy Price Watch AppUITests */,
				32E40CC42A4E14E8009A1AF2 /* PriceGraphWidgetExtension */,
				32E40CDE2A4E1DDB009A1AF2 /* EnergyPriceWidgetExtension */,
				32D94A6F2A516F7A00D9AA8C /* EnergyPriceApp */,
				32D94A7F2A516F7B00D9AA8C /* EnergyPriceAppTests */,
				32D94A892A516F7B00D9AA8C /* EnergyPriceAppUITests */,
			);
		};
/* End PBXProject section */

/* Begin PBXResourcesBuildPhase section */
		3279B9C82A4AB61F0055D120 /* Resources */ = {
			isa = PBXResourcesBuildPhase;
			buildActionMask = 2147483647;
			files = (
			);
			runOnlyForDeploymentPostprocessing = 0;
		};
		3279B9CE2A4AB61F0055D120 /* Resources */ = {
			isa = PBXResourcesBuildPhase;
			buildActionMask = 2147483647;
			files = (
				3279B9DD2A4AB6210055D120 /* Preview Assets.xcassets in Resources */,
				3279B9DA2A4AB6210055D120 /* Assets.xcassets in Resources */,
			);
			runOnlyForDeploymentPostprocessing = 0;
		};
		3279B9E02A4AB6210055D120 /* Resources */ = {
			isa = PBXResourcesBuildPhase;
			buildActionMask = 2147483647;
			files = (
			);
			runOnlyForDeploymentPostprocessing = 0;
		};
		3279B9EA2A4AB6210055D120 /* Resources */ = {
			isa = PBXResourcesBuildPhase;
			buildActionMask = 2147483647;
			files = (
			);
			runOnlyForDeploymentPostprocessing = 0;
		};
		32D94A6E2A516F7A00D9AA8C /* Resources */ = {
			isa = PBXResourcesBuildPhase;
			buildActionMask = 2147483647;
			files = (
				32D94A7B2A516F7A00D9AA8C /* Preview Assets.xcassets in Resources */,
				32D94A772A516F7A00D9AA8C /* Assets.xcassets in Resources */,
			);
			runOnlyForDeploymentPostprocessing = 0;
		};
		32D94A7E2A516F7B00D9AA8C /* Resources */ = {
			isa = PBXResourcesBuildPhase;
			buildActionMask = 2147483647;
			files = (
			);
			runOnlyForDeploymentPostprocessing = 0;
		};
		32D94A882A516F7B00D9AA8C /* Resources */ = {
			isa = PBXResourcesBuildPhase;
			buildActionMask = 2147483647;
			files = (
			);
			runOnlyForDeploymentPostprocessing = 0;
		};
		32E40CC32A4E14E8009A1AF2 /* Resources */ = {
			isa = PBXResourcesBuildPhase;
			buildActionMask = 2147483647;
			files = (
			);
			runOnlyForDeploymentPostprocessing = 0;
		};
		32E40CDD2A4E1DDB009A1AF2 /* Resources */ = {
			isa = PBXResourcesBuildPhase;
			buildActionMask = 2147483647;
			files = (
				32E40CE62A4E1DDD009A1AF2 /* Assets.xcassets in Resources */,
			);
			runOnlyForDeploymentPostprocessing = 0;
		};
/* End PBXResourcesBuildPhase section */

/* Begin PBXSourcesBuildPhase section */
		3279B9CC2A4AB61F0055D120 /* Sources */ = {
			isa = PBXSourcesBuildPhase;
			buildActionMask = 2147483647;
			files = (
				32E40CD72A4E17A7009A1AF2 /* PriceFetch.swift in Sources */,
				327611212A4D58D90085D2C5 /* PriceChart.swift in Sources */,
				327611232A4D5F040085D2C5 /* PriceDetailText.swift in Sources */,
				3279BA042A4AB6F70055D120 /* EnergyPriceResponse.swift in Sources */,
				3279B9D82A4AB61F0055D120 /* ContentView.swift in Sources */,
				3279B9D62A4AB61F0055D120 /* Energy_PriceApp.swift in Sources */,
			);
			runOnlyForDeploymentPostprocessing = 0;
		};
		3279B9DE2A4AB6210055D120 /* Sources */ = {
			isa = PBXSourcesBuildPhase;
			buildActionMask = 2147483647;
			files = (
				3279B9E72A4AB6210055D120 /* Energy_Price_Watch_AppTests.swift in Sources */,
			);
			runOnlyForDeploymentPostprocessing = 0;
		};
		3279B9E82A4AB6210055D120 /* Sources */ = {
			isa = PBXSourcesBuildPhase;
			buildActionMask = 2147483647;
			files = (
				3279B9F32A4AB6210055D120 /* Energy_Price_Watch_AppUITestsLaunchTests.swift in Sources */,
				3279B9F12A4AB6210055D120 /* Energy_Price_Watch_AppUITests.swift in Sources */,
			);
			runOnlyForDeploymentPostprocessing = 0;
		};
		32D94A6C2A516F7A00D9AA8C /* Sources */ = {
			isa = PBXSourcesBuildPhase;
			buildActionMask = 2147483647;
			files = (
				32D94A752A516F7A00D9AA8C /* ContentView.swift in Sources */,
				32D94A732A516F7A00D9AA8C /* EnergyPriceAppApp.swift in Sources */,
			);
			runOnlyForDeploymentPostprocessing = 0;
		};
		32D94A7C2A516F7B00D9AA8C /* Sources */ = {
			isa = PBXSourcesBuildPhase;
			buildActionMask = 2147483647;
			files = (
				32D94A852A516F7B00D9AA8C /* EnergyPriceAppTests.swift in Sources */,
			);
			runOnlyForDeploymentPostprocessing = 0;
		};
		32D94A862A516F7B00D9AA8C /* Sources */ = {
			isa = PBXSourcesBuildPhase;
			buildActionMask = 2147483647;
			files = (
				32D94A912A516F7B00D9AA8C /* EnergyPriceAppUITestsLaunchTests.swift in Sources */,
				32D94A8F2A516F7B00D9AA8C /* EnergyPriceAppUITests.swift in Sources */,
			);
			runOnlyForDeploymentPostprocessing = 0;
		};
		32E40CC12A4E14E8009A1AF2 /* Sources */ = {
			isa = PBXSourcesBuildPhase;
			buildActionMask = 2147483647;
			files = (
				32E40CDA2A4E19DD009A1AF2 /* PriceChart.swift in Sources */,
				32E40CD82A4E17A7009A1AF2 /* PriceFetch.swift in Sources */,
			);
			runOnlyForDeploymentPostprocessing = 0;
		};
		32E40CDB2A4E1DDB009A1AF2 /* Sources */ = {
			isa = PBXSourcesBuildPhase;
			buildActionMask = 2147483647;
			files = (
				32E40CF22A4F08BF009A1AF2 /* PriceDetailText.swift in Sources */,
				32E40CF12A4E1ECB009A1AF2 /* PriceChart.swift in Sources */,
				32E40CF02A4E1E07009A1AF2 /* PriceFetch.swift in Sources */,
				32E40CEF2A4E1E00009A1AF2 /* EnergyPriceResponse.swift in Sources */,
				32E40CE42A4E1DDB009A1AF2 /* EnergyPriceWidget.swift in Sources */,
			);
			runOnlyForDeploymentPostprocessing = 0;
		};
/* End PBXSourcesBuildPhase section */

/* Begin PBXTargetDependency section */
		3279B9D32A4AB61F0055D120 /* PBXTargetDependency */ = {
			isa = PBXTargetDependency;
			target = 3279B9CF2A4AB61F0055D120 /* Energy Price Watch App */;
			targetProxy = 3279B9D22A4AB61F0055D120 /* PBXContainerItemProxy */;
		};
		3279B9E42A4AB6210055D120 /* PBXTargetDependency */ = {
			isa = PBXTargetDependency;
			target = 3279B9CF2A4AB61F0055D120 /* Energy Price Watch App */;
			targetProxy = 3279B9E32A4AB6210055D120 /* PBXContainerItemProxy */;
		};
		3279B9EE2A4AB6210055D120 /* PBXTargetDependency */ = {
			isa = PBXTargetDependency;
			target = 3279B9CF2A4AB61F0055D120 /* Energy Price Watch App */;
			targetProxy = 3279B9ED2A4AB6210055D120 /* PBXContainerItemProxy */;
		};
		32D94A822A516F7B00D9AA8C /* PBXTargetDependency */ = {
			isa = PBXTargetDependency;
			target = 32D94A6F2A516F7A00D9AA8C /* EnergyPriceApp */;
			targetProxy = 32D94A812A516F7B00D9AA8C /* PBXContainerItemProxy */;
		};
		32D94A8C2A516F7B00D9AA8C /* PBXTargetDependency */ = {
			isa = PBXTargetDependency;
			target = 32D94A6F2A516F7A00D9AA8C /* EnergyPriceApp */;
			targetProxy = 32D94A8B2A516F7B00D9AA8C /* PBXContainerItemProxy */;
		};
		32E40CE92A4E1DDD009A1AF2 /* PBXTargetDependency */ = {
			isa = PBXTargetDependency;
			target = 32E40CDE2A4E1DDB009A1AF2 /* EnergyPriceWidgetExtension */;
			targetProxy = 32E40CE82A4E1DDD009A1AF2 /* PBXContainerItemProxy */;
		};
/* End PBXTargetDependency section */

/* Begin XCBuildConfiguration section */
		3279B9F42A4AB6210055D120 /* Debug */ = {
			isa = XCBuildConfiguration;
			buildSettings = {
				ALWAYS_SEARCH_USER_PATHS = NO;
				ASSETCATALOG_COMPILER_GENERATE_SWIFT_ASSET_SYMBOL_EXTENSIONS = YES;
				CLANG_ANALYZER_NONNULL = YES;
				CLANG_ANALYZER_NUMBER_OBJECT_CONVERSION = YES_AGGRESSIVE;
				CLANG_CXX_LANGUAGE_STANDARD = "gnu++20";
				CLANG_ENABLE_MODULES = YES;
				CLANG_ENABLE_OBJC_ARC = YES;
				CLANG_ENABLE_OBJC_WEAK = YES;
				CLANG_WARN_BLOCK_CAPTURE_AUTORELEASING = YES;
				CLANG_WARN_BOOL_CONVERSION = YES;
				CLANG_WARN_COMMA = YES;
				CLANG_WARN_CONSTANT_CONVERSION = YES;
				CLANG_WARN_DEPRECATED_OBJC_IMPLEMENTATIONS = YES;
				CLANG_WARN_DIRECT_OBJC_ISA_USAGE = YES_ERROR;
				CLANG_WARN_DOCUMENTATION_COMMENTS = YES;
				CLANG_WARN_EMPTY_BODY = YES;
				CLANG_WARN_ENUM_CONVERSION = YES;
				CLANG_WARN_INFINITE_RECURSION = YES;
				CLANG_WARN_INT_CONVERSION = YES;
				CLANG_WARN_NON_LITERAL_NULL_CONVERSION = YES;
				CLANG_WARN_OBJC_IMPLICIT_RETAIN_SELF = YES;
				CLANG_WARN_OBJC_LITERAL_CONVERSION = YES;
				CLANG_WARN_OBJC_ROOT_CLASS = YES_ERROR;
				CLANG_WARN_QUOTED_INCLUDE_IN_FRAMEWORK_HEADER = YES;
				CLANG_WARN_RANGE_LOOP_ANALYSIS = YES;
				CLANG_WARN_STRICT_PROTOTYPES = YES;
				CLANG_WARN_SUSPICIOUS_MOVE = YES;
				CLANG_WARN_UNGUARDED_AVAILABILITY = YES_AGGRESSIVE;
				CLANG_WARN_UNREACHABLE_CODE = YES;
				CLANG_WARN__DUPLICATE_METHOD_MATCH = YES;
				COPY_PHASE_STRIP = NO;
				DEBUG_INFORMATION_FORMAT = dwarf;
				ENABLE_STRICT_OBJC_MSGSEND = YES;
				ENABLE_TESTABILITY = YES;
				ENABLE_USER_SCRIPT_SANDBOXING = YES;
				GCC_C_LANGUAGE_STANDARD = gnu17;
				GCC_DYNAMIC_NO_PIC = NO;
				GCC_NO_COMMON_BLOCKS = YES;
				GCC_OPTIMIZATION_LEVEL = 0;
				GCC_PREPROCESSOR_DEFINITIONS = (
					"DEBUG=1",
					"$(inherited)",
				);
				GCC_WARN_64_TO_32_BIT_CONVERSION = YES;
				GCC_WARN_ABOUT_RETURN_TYPE = YES_ERROR;
				GCC_WARN_UNDECLARED_SELECTOR = YES;
				GCC_WARN_UNINITIALIZED_AUTOS = YES_AGGRESSIVE;
				GCC_WARN_UNUSED_FUNCTION = YES;
				GCC_WARN_UNUSED_VARIABLE = YES;
				LOCALIZATION_PREFERS_STRING_CATALOGS = YES;
				MTL_ENABLE_DEBUG_INFO = INCLUDE_SOURCE;
				MTL_FAST_MATH = YES;
				ONLY_ACTIVE_ARCH = YES;
				SWIFT_ACTIVE_COMPILATION_CONDITIONS = "DEBUG $(inherited)";
				SWIFT_OPTIMIZATION_LEVEL = "-Onone";
			};
			name = Debug;
		};
		3279B9F52A4AB6210055D120 /* Release */ = {
			isa = XCBuildConfiguration;
			buildSettings = {
				ALWAYS_SEARCH_USER_PATHS = NO;
				ASSETCATALOG_COMPILER_GENERATE_SWIFT_ASSET_SYMBOL_EXTENSIONS = YES;
				CLANG_ANALYZER_NONNULL = YES;
				CLANG_ANALYZER_NUMBER_OBJECT_CONVERSION = YES_AGGRESSIVE;
				CLANG_CXX_LANGUAGE_STANDARD = "gnu++20";
				CLANG_ENABLE_MODULES = YES;
				CLANG_ENABLE_OBJC_ARC = YES;
				CLANG_ENABLE_OBJC_WEAK = YES;
				CLANG_WARN_BLOCK_CAPTURE_AUTORELEASING = YES;
				CLANG_WARN_BOOL_CONVERSION = YES;
				CLANG_WARN_COMMA = YES;
				CLANG_WARN_CONSTANT_CONVERSION = YES;
				CLANG_WARN_DEPRECATED_OBJC_IMPLEMENTATIONS = YES;
				CLANG_WARN_DIRECT_OBJC_ISA_USAGE = YES_ERROR;
				CLANG_WARN_DOCUMENTATION_COMMENTS = YES;
				CLANG_WARN_EMPTY_BODY = YES;
				CLANG_WARN_ENUM_CONVERSION = YES;
				CLANG_WARN_INFINITE_RECURSION = YES;
				CLANG_WARN_INT_CONVERSION = YES;
				CLANG_WARN_NON_LITERAL_NULL_CONVERSION = YES;
				CLANG_WARN_OBJC_IMPLICIT_RETAIN_SELF = YES;
				CLANG_WARN_OBJC_LITERAL_CONVERSION = YES;
				CLANG_WARN_OBJC_ROOT_CLASS = YES_ERROR;
				CLANG_WARN_QUOTED_INCLUDE_IN_FRAMEWORK_HEADER = YES;
				CLANG_WARN_RANGE_LOOP_ANALYSIS = YES;
				CLANG_WARN_STRICT_PROTOTYPES = YES;
				CLANG_WARN_SUSPICIOUS_MOVE = YES;
				CLANG_WARN_UNGUARDED_AVAILABILITY = YES_AGGRESSIVE;
				CLANG_WARN_UNREACHABLE_CODE = YES;
				CLANG_WARN__DUPLICATE_METHOD_MATCH = YES;
				COPY_PHASE_STRIP = NO;
				DEBUG_INFORMATION_FORMAT = "dwarf-with-dsym";
				ENABLE_NS_ASSERTIONS = NO;
				ENABLE_STRICT_OBJC_MSGSEND = YES;
				ENABLE_USER_SCRIPT_SANDBOXING = YES;
				GCC_C_LANGUAGE_STANDARD = gnu17;
				GCC_NO_COMMON_BLOCKS = YES;
				GCC_WARN_64_TO_32_BIT_CONVERSION = YES;
				GCC_WARN_ABOUT_RETURN_TYPE = YES_ERROR;
				GCC_WARN_UNDECLARED_SELECTOR = YES;
				GCC_WARN_UNINITIALIZED_AUTOS = YES_AGGRESSIVE;
				GCC_WARN_UNUSED_FUNCTION = YES;
				GCC_WARN_UNUSED_VARIABLE = YES;
				LOCALIZATION_PREFERS_STRING_CATALOGS = YES;
				MTL_ENABLE_DEBUG_INFO = NO;
				MTL_FAST_MATH = YES;
				SWIFT_COMPILATION_MODE = wholemodule;
			};
			name = Release;
		};
		3279B9F72A4AB6210055D120 /* Debug */ = {
			isa = XCBuildConfiguration;
			buildSettings = {
				ALWAYS_EMBED_SWIFT_STANDARD_LIBRARIES = YES;
				ASSETCATALOG_COMPILER_APPICON_NAME = AppIcon;
				ASSETCATALOG_COMPILER_GLOBAL_ACCENT_COLOR_NAME = AccentColor;
				CODE_SIGN_STYLE = Automatic;
				CURRENT_PROJECT_VERSION = 1;
				DEVELOPMENT_ASSET_PATHS = "\"Energy Price Watch App/Preview Content\"";
				DEVELOPMENT_TEAM = 4RT84M99N4;
				ENABLE_PREVIEWS = YES;
				GENERATE_INFOPLIST_FILE = YES;
				INFOPLIST_KEY_CFBundleDisplayName = "Energy Price";
				INFOPLIST_KEY_UISupportedInterfaceOrientations = "UIInterfaceOrientationPortrait UIInterfaceOrientationPortraitUpsideDown";
				INFOPLIST_KEY_WKWatchOnly = YES;
				LD_RUNPATH_SEARCH_PATHS = (
					"$(inherited)",
					"@executable_path/Frameworks",
				);
				MARKETING_VERSION = 1.0;
				PRODUCT_BUNDLE_IDENTIFIER = "beer.robin.Energy-Price.watchkitapp";
				PRODUCT_NAME = "$(TARGET_NAME)";
				SDKROOT = watchos;
				SKIP_INSTALL = YES;
				SWIFT_EMIT_LOC_STRINGS = YES;
				SWIFT_VERSION = 5.0;
				TARGETED_DEVICE_FAMILY = 4;
				WATCHOS_DEPLOYMENT_TARGET = 10.0;
			};
			name = Debug;
		};
		3279B9F82A4AB6210055D120 /* Release */ = {
			isa = XCBuildConfiguration;
			buildSettings = {
				ALWAYS_EMBED_SWIFT_STANDARD_LIBRARIES = YES;
				ASSETCATALOG_COMPILER_APPICON_NAME = AppIcon;
				ASSETCATALOG_COMPILER_GLOBAL_ACCENT_COLOR_NAME = AccentColor;
				CODE_SIGN_STYLE = Automatic;
				CURRENT_PROJECT_VERSION = 1;
				DEVELOPMENT_ASSET_PATHS = "\"Energy Price Watch App/Preview Content\"";
				DEVELOPMENT_TEAM = 4RT84M99N4;
				ENABLE_PREVIEWS = YES;
				GENERATE_INFOPLIST_FILE = YES;
				INFOPLIST_KEY_CFBundleDisplayName = "Energy Price";
				INFOPLIST_KEY_UISupportedInterfaceOrientations = "UIInterfaceOrientationPortrait UIInterfaceOrientationPortraitUpsideDown";
				INFOPLIST_KEY_WKWatchOnly = YES;
				LD_RUNPATH_SEARCH_PATHS = (
					"$(inherited)",
					"@executable_path/Frameworks",
				);
				MARKETING_VERSION = 1.0;
				PRODUCT_BUNDLE_IDENTIFIER = "beer.robin.Energy-Price.watchkitapp";
				PRODUCT_NAME = "$(TARGET_NAME)";
				SDKROOT = watchos;
				SKIP_INSTALL = YES;
				SWIFT_EMIT_LOC_STRINGS = YES;
				SWIFT_VERSION = 5.0;
				TARGETED_DEVICE_FAMILY = 4;
				VALIDATE_PRODUCT = YES;
				WATCHOS_DEPLOYMENT_TARGET = 10.0;
			};
			name = Release;
		};
		3279B9FB2A4AB6210055D120 /* Debug */ = {
			isa = XCBuildConfiguration;
			buildSettings = {
				ALWAYS_EMBED_SWIFT_STANDARD_LIBRARIES = YES;
				CODE_SIGN_STYLE = Automatic;
				CURRENT_PROJECT_VERSION = 1;
				DEVELOPMENT_TEAM = 4RT84M99N4;
				INFOPLIST_KEY_CFBundleDisplayName = "Energy Price";
				MARKETING_VERSION = 1.0;
				PRODUCT_BUNDLE_IDENTIFIER = "beer.robin.Energy-Price";
				PRODUCT_NAME = "$(TARGET_NAME)";
				SDKROOT = iphoneos;
				SWIFT_VERSION = 5.0;
			};
			name = Debug;
		};
		3279B9FC2A4AB6210055D120 /* Release */ = {
			isa = XCBuildConfiguration;
			buildSettings = {
				ALWAYS_EMBED_SWIFT_STANDARD_LIBRARIES = YES;
				CODE_SIGN_STYLE = Automatic;
				CURRENT_PROJECT_VERSION = 1;
				DEVELOPMENT_TEAM = 4RT84M99N4;
				INFOPLIST_KEY_CFBundleDisplayName = "Energy Price";
				MARKETING_VERSION = 1.0;
				PRODUCT_BUNDLE_IDENTIFIER = "beer.robin.Energy-Price";
				PRODUCT_NAME = "$(TARGET_NAME)";
				SDKROOT = iphoneos;
				SWIFT_VERSION = 5.0;
				VALIDATE_PRODUCT = YES;
			};
			name = Release;
		};
		3279B9FE2A4AB6210055D120 /* Debug */ = {
			isa = XCBuildConfiguration;
			buildSettings = {
				ALWAYS_EMBED_SWIFT_STANDARD_LIBRARIES = YES;
				BUNDLE_LOADER = "$(TEST_HOST)";
				CODE_SIGN_STYLE = Automatic;
				CURRENT_PROJECT_VERSION = 1;
				DEVELOPMENT_TEAM = 4RT84M99N4;
				GENERATE_INFOPLIST_FILE = YES;
				MARKETING_VERSION = 1.0;
				PRODUCT_BUNDLE_IDENTIFIER = "beer.robin.Energy-Price-Watch-AppTests";
				PRODUCT_NAME = "$(TARGET_NAME)";
				SDKROOT = watchos;
				SWIFT_EMIT_LOC_STRINGS = NO;
				SWIFT_VERSION = 5.0;
				TARGETED_DEVICE_FAMILY = 4;
				TEST_HOST = "$(BUILT_PRODUCTS_DIR)/Energy Price Watch App.app/$(BUNDLE_EXECUTABLE_FOLDER_PATH)/Energy Price Watch App";
				WATCHOS_DEPLOYMENT_TARGET = 10.0;
			};
			name = Debug;
		};
		3279B9FF2A4AB6210055D120 /* Release */ = {
			isa = XCBuildConfiguration;
			buildSettings = {
				ALWAYS_EMBED_SWIFT_STANDARD_LIBRARIES = YES;
				BUNDLE_LOADER = "$(TEST_HOST)";
				CODE_SIGN_STYLE = Automatic;
				CURRENT_PROJECT_VERSION = 1;
				DEVELOPMENT_TEAM = 4RT84M99N4;
				GENERATE_INFOPLIST_FILE = YES;
				MARKETING_VERSION = 1.0;
				PRODUCT_BUNDLE_IDENTIFIER = "beer.robin.Energy-Price-Watch-AppTests";
				PRODUCT_NAME = "$(TARGET_NAME)";
				SDKROOT = watchos;
				SWIFT_EMIT_LOC_STRINGS = NO;
				SWIFT_VERSION = 5.0;
				TARGETED_DEVICE_FAMILY = 4;
				TEST_HOST = "$(BUILT_PRODUCTS_DIR)/Energy Price Watch App.app/$(BUNDLE_EXECUTABLE_FOLDER_PATH)/Energy Price Watch App";
				VALIDATE_PRODUCT = YES;
				WATCHOS_DEPLOYMENT_TARGET = 10.0;
			};
			name = Release;
		};
		3279BA012A4AB6210055D120 /* Debug */ = {
			isa = XCBuildConfiguration;
			buildSettings = {
				ALWAYS_EMBED_SWIFT_STANDARD_LIBRARIES = YES;
				CODE_SIGN_STYLE = Automatic;
				CURRENT_PROJECT_VERSION = 1;
				DEVELOPMENT_TEAM = 4RT84M99N4;
				GENERATE_INFOPLIST_FILE = YES;
				MARKETING_VERSION = 1.0;
				PRODUCT_BUNDLE_IDENTIFIER = "beer.robin.Energy-Price-Watch-AppUITests";
				PRODUCT_NAME = "$(TARGET_NAME)";
				SDKROOT = watchos;
				SWIFT_EMIT_LOC_STRINGS = NO;
				SWIFT_VERSION = 5.0;
				TARGETED_DEVICE_FAMILY = 4;
				TEST_TARGET_NAME = "Energy Price Watch App";
				WATCHOS_DEPLOYMENT_TARGET = 10.0;
			};
			name = Debug;
		};
		3279BA022A4AB6210055D120 /* Release */ = {
			isa = XCBuildConfiguration;
			buildSettings = {
				ALWAYS_EMBED_SWIFT_STANDARD_LIBRARIES = YES;
				CODE_SIGN_STYLE = Automatic;
				CURRENT_PROJECT_VERSION = 1;
				DEVELOPMENT_TEAM = 4RT84M99N4;
				GENERATE_INFOPLIST_FILE = YES;
				MARKETING_VERSION = 1.0;
				PRODUCT_BUNDLE_IDENTIFIER = "beer.robin.Energy-Price-Watch-AppUITests";
				PRODUCT_NAME = "$(TARGET_NAME)";
				SDKROOT = watchos;
				SWIFT_EMIT_LOC_STRINGS = NO;
				SWIFT_VERSION = 5.0;
				TARGETED_DEVICE_FAMILY = 4;
				TEST_TARGET_NAME = "Energy Price Watch App";
				VALIDATE_PRODUCT = YES;
				WATCHOS_DEPLOYMENT_TARGET = 10.0;
			};
			name = Release;
		};
		32D94A922A516F7B00D9AA8C /* Debug */ = {
			isa = XCBuildConfiguration;
			buildSettings = {
				ASSETCATALOG_COMPILER_APPICON_NAME = AppIcon;
				ASSETCATALOG_COMPILER_GLOBAL_ACCENT_COLOR_NAME = AccentColor;
				CODE_SIGN_ENTITLEMENTS = EnergyPriceApp/EnergyPriceApp.entitlements;
				CODE_SIGN_STYLE = Automatic;
				CURRENT_PROJECT_VERSION = 1;
				DEVELOPMENT_ASSET_PATHS = "\"EnergyPriceApp/Preview Content\"";
				DEVELOPMENT_TEAM = 4RT84M99N4;
				ENABLE_HARDENED_RUNTIME = YES;
				ENABLE_PREVIEWS = YES;
				GENERATE_INFOPLIST_FILE = YES;
				"INFOPLIST_KEY_UIApplicationSceneManifest_Generation[sdk=iphoneos*]" = YES;
				"INFOPLIST_KEY_UIApplicationSceneManifest_Generation[sdk=iphonesimulator*]" = YES;
				"INFOPLIST_KEY_UIApplicationSupportsIndirectInputEvents[sdk=iphoneos*]" = YES;
				"INFOPLIST_KEY_UIApplicationSupportsIndirectInputEvents[sdk=iphonesimulator*]" = YES;
				"INFOPLIST_KEY_UILaunchScreen_Generation[sdk=iphoneos*]" = YES;
				"INFOPLIST_KEY_UILaunchScreen_Generation[sdk=iphonesimulator*]" = YES;
				"INFOPLIST_KEY_UIStatusBarStyle[sdk=iphoneos*]" = UIStatusBarStyleDefault;
				"INFOPLIST_KEY_UIStatusBarStyle[sdk=iphonesimulator*]" = UIStatusBarStyleDefault;
				INFOPLIST_KEY_UISupportedInterfaceOrientations_iPad = "UIInterfaceOrientationPortrait UIInterfaceOrientationPortraitUpsideDown UIInterfaceOrientationLandscapeLeft UIInterfaceOrientationLandscapeRight";
				INFOPLIST_KEY_UISupportedInterfaceOrientations_iPhone = "UIInterfaceOrientationPortrait UIInterfaceOrientationLandscapeLeft UIInterfaceOrientationLandscapeRight";
				IPHONEOS_DEPLOYMENT_TARGET = 17.0;
				LD_RUNPATH_SEARCH_PATHS = "@executable_path/Frameworks";
				"LD_RUNPATH_SEARCH_PATHS[sdk=macosx*]" = "@executable_path/../Frameworks";
				MACOSX_DEPLOYMENT_TARGET = 14.0;
				MARKETING_VERSION = 1.0;
				PRODUCT_BUNDLE_IDENTIFIER = beer.robin.EnergyPriceApp;
				PRODUCT_NAME = "$(TARGET_NAME)";
				SDKROOT = auto;
				SUPPORTED_PLATFORMS = "iphoneos iphonesimulator macosx";
				SWIFT_EMIT_LOC_STRINGS = YES;
				SWIFT_VERSION = 5.0;
				TARGETED_DEVICE_FAMILY = "1,2";
			};
			name = Debug;
		};
		32D94A932A516F7B00D9AA8C /* Release */ = {
			isa = XCBuildConfiguration;
			buildSettings = {
				ASSETCATALOG_COMPILER_APPICON_NAME = AppIcon;
				ASSETCATALOG_COMPILER_GLOBAL_ACCENT_COLOR_NAME = AccentColor;
				CODE_SIGN_ENTITLEMENTS = EnergyPriceApp/EnergyPriceApp.entitlements;
				CODE_SIGN_STYLE = Automatic;
				CURRENT_PROJECT_VERSION = 1;
				DEVELOPMENT_ASSET_PATHS = "\"EnergyPriceApp/Preview Content\"";
				DEVELOPMENT_TEAM = 4RT84M99N4;
				ENABLE_HARDENED_RUNTIME = YES;
				ENABLE_PREVIEWS = YES;
				GENERATE_INFOPLIST_FILE = YES;
				"INFOPLIST_KEY_UIApplicationSceneManifest_Generation[sdk=iphoneos*]" = YES;
				"INFOPLIST_KEY_UIApplicationSceneManifest_Generation[sdk=iphonesimulator*]" = YES;
				"INFOPLIST_KEY_UIApplicationSupportsIndirectInputEvents[sdk=iphoneos*]" = YES;
				"INFOPLIST_KEY_UIApplicationSupportsIndirectInputEvents[sdk=iphonesimulator*]" = YES;
				"INFOPLIST_KEY_UILaunchScreen_Generation[sdk=iphoneos*]" = YES;
				"INFOPLIST_KEY_UILaunchScreen_Generation[sdk=iphonesimulator*]" = YES;
				"INFOPLIST_KEY_UIStatusBarStyle[sdk=iphoneos*]" = UIStatusBarStyleDefault;
				"INFOPLIST_KEY_UIStatusBarStyle[sdk=iphonesimulator*]" = UIStatusBarStyleDefault;
				INFOPLIST_KEY_UISupportedInterfaceOrientations_iPad = "UIInterfaceOrientationPortrait UIInterfaceOrientationPortraitUpsideDown UIInterfaceOrientationLandscapeLeft UIInterfaceOrientationLandscapeRight";
				INFOPLIST_KEY_UISupportedInterfaceOrientations_iPhone = "UIInterfaceOrientationPortrait UIInterfaceOrientationLandscapeLeft UIInterfaceOrientationLandscapeRight";
				IPHONEOS_DEPLOYMENT_TARGET = 17.0;
				LD_RUNPATH_SEARCH_PATHS = "@executable_path/Frameworks";
				"LD_RUNPATH_SEARCH_PATHS[sdk=macosx*]" = "@executable_path/../Frameworks";
				MACOSX_DEPLOYMENT_TARGET = 14.0;
				MARKETING_VERSION = 1.0;
				PRODUCT_BUNDLE_IDENTIFIER = beer.robin.EnergyPriceApp;
				PRODUCT_NAME = "$(TARGET_NAME)";
				SDKROOT = auto;
				SUPPORTED_PLATFORMS = "iphoneos iphonesimulator macosx";
				SWIFT_EMIT_LOC_STRINGS = YES;
				SWIFT_VERSION = 5.0;
				TARGETED_DEVICE_FAMILY = "1,2";
			};
			name = Release;
		};
		32D94A942A516F7B00D9AA8C /* Debug */ = {
			isa = XCBuildConfiguration;
			buildSettings = {
				ALWAYS_EMBED_SWIFT_STANDARD_LIBRARIES = YES;
				BUNDLE_LOADER = "$(TEST_HOST)";
				CODE_SIGN_STYLE = Automatic;
				CURRENT_PROJECT_VERSION = 1;
				DEVELOPMENT_TEAM = 4RT84M99N4;
				GENERATE_INFOPLIST_FILE = YES;
				IPHONEOS_DEPLOYMENT_TARGET = 17.0;
				MACOSX_DEPLOYMENT_TARGET = 14.0;
				MARKETING_VERSION = 1.0;
				PRODUCT_BUNDLE_IDENTIFIER = beer.robin.EnergyPriceAppTests;
				PRODUCT_NAME = "$(TARGET_NAME)";
				SDKROOT = auto;
				SUPPORTED_PLATFORMS = "iphoneos iphonesimulator macosx";
				SWIFT_EMIT_LOC_STRINGS = NO;
				SWIFT_VERSION = 5.0;
				TARGETED_DEVICE_FAMILY = "1,2";
				TEST_HOST = "$(BUILT_PRODUCTS_DIR)/EnergyPriceApp.app/$(BUNDLE_EXECUTABLE_FOLDER_PATH)/EnergyPriceApp";
			};
			name = Debug;
		};
		32D94A952A516F7B00D9AA8C /* Release */ = {
			isa = XCBuildConfiguration;
			buildSettings = {
				ALWAYS_EMBED_SWIFT_STANDARD_LIBRARIES = YES;
				BUNDLE_LOADER = "$(TEST_HOST)";
				CODE_SIGN_STYLE = Automatic;
				CURRENT_PROJECT_VERSION = 1;
				DEVELOPMENT_TEAM = 4RT84M99N4;
				GENERATE_INFOPLIST_FILE = YES;
				IPHONEOS_DEPLOYMENT_TARGET = 17.0;
				MACOSX_DEPLOYMENT_TARGET = 14.0;
				MARKETING_VERSION = 1.0;
				PRODUCT_BUNDLE_IDENTIFIER = beer.robin.EnergyPriceAppTests;
				PRODUCT_NAME = "$(TARGET_NAME)";
				SDKROOT = auto;
				SUPPORTED_PLATFORMS = "iphoneos iphonesimulator macosx";
				SWIFT_EMIT_LOC_STRINGS = NO;
				SWIFT_VERSION = 5.0;
				TARGETED_DEVICE_FAMILY = "1,2";
				TEST_HOST = "$(BUILT_PRODUCTS_DIR)/EnergyPriceApp.app/$(BUNDLE_EXECUTABLE_FOLDER_PATH)/EnergyPriceApp";
			};
			name = Release;
		};
		32D94A962A516F7B00D9AA8C /* Debug */ = {
			isa = XCBuildConfiguration;
			buildSettings = {
				ALWAYS_EMBED_SWIFT_STANDARD_LIBRARIES = YES;
				CODE_SIGN_STYLE = Automatic;
				CURRENT_PROJECT_VERSION = 1;
				DEVELOPMENT_TEAM = 4RT84M99N4;
				GENERATE_INFOPLIST_FILE = YES;
				IPHONEOS_DEPLOYMENT_TARGET = 17.0;
				MACOSX_DEPLOYMENT_TARGET = 14.0;
				MARKETING_VERSION = 1.0;
				PRODUCT_BUNDLE_IDENTIFIER = beer.robin.EnergyPriceAppUITests;
				PRODUCT_NAME = "$(TARGET_NAME)";
				SDKROOT = auto;
				SUPPORTED_PLATFORMS = "iphoneos iphonesimulator macosx";
				SWIFT_EMIT_LOC_STRINGS = NO;
				SWIFT_VERSION = 5.0;
				TARGETED_DEVICE_FAMILY = "1,2";
				TEST_TARGET_NAME = EnergyPriceApp;
			};
			name = Debug;
		};
		32D94A972A516F7B00D9AA8C /* Release */ = {
			isa = XCBuildConfiguration;
			buildSettings = {
				ALWAYS_EMBED_SWIFT_STANDARD_LIBRARIES = YES;
				CODE_SIGN_STYLE = Automatic;
				CURRENT_PROJECT_VERSION = 1;
				DEVELOPMENT_TEAM = 4RT84M99N4;
				GENERATE_INFOPLIST_FILE = YES;
				IPHONEOS_DEPLOYMENT_TARGET = 17.0;
				MACOSX_DEPLOYMENT_TARGET = 14.0;
				MARKETING_VERSION = 1.0;
				PRODUCT_BUNDLE_IDENTIFIER = beer.robin.EnergyPriceAppUITests;
				PRODUCT_NAME = "$(TARGET_NAME)";
				SDKROOT = auto;
				SUPPORTED_PLATFORMS = "iphoneos iphonesimulator macosx";
				SWIFT_EMIT_LOC_STRINGS = NO;
				SWIFT_VERSION = 5.0;
				TARGETED_DEVICE_FAMILY = "1,2";
				TEST_TARGET_NAME = EnergyPriceApp;
			};
			name = Release;
		};
		32E40CD42A4E14EA009A1AF2 /* Debug */ = {
			isa = XCBuildConfiguration;
			buildSettings = {
				ASSETCATALOG_COMPILER_GLOBAL_ACCENT_COLOR_NAME = AccentColor;
				ASSETCATALOG_COMPILER_WIDGET_BACKGROUND_COLOR_NAME = WidgetBackground;
				CODE_SIGN_STYLE = Automatic;
				CURRENT_PROJECT_VERSION = 1;
				DEVELOPMENT_TEAM = 4RT84M99N4;
				GENERATE_INFOPLIST_FILE = YES;
				INFOPLIST_FILE = PriceGraphWidget/Info.plist;
				INFOPLIST_KEY_CFBundleDisplayName = PriceGraphWidget;
				INFOPLIST_KEY_NSHumanReadableCopyright = "";
				IPHONEOS_DEPLOYMENT_TARGET = 17.0;
				LD_RUNPATH_SEARCH_PATHS = (
					"$(inherited)",
					"@executable_path/Frameworks",
					"@executable_path/../../Frameworks",
				);
				MARKETING_VERSION = 1.0;
				PRODUCT_BUNDLE_IDENTIFIER = beer.robin.PriceGraphWidget;
				PRODUCT_NAME = "$(TARGET_NAME)";
				SDKROOT = iphoneos;
				SKIP_INSTALL = YES;
				SWIFT_EMIT_LOC_STRINGS = YES;
				SWIFT_VERSION = 5.0;
				TARGETED_DEVICE_FAMILY = "1,2";
			};
			name = Debug;
		};
		32E40CD52A4E14EA009A1AF2 /* Release */ = {
			isa = XCBuildConfiguration;
			buildSettings = {
				ASSETCATALOG_COMPILER_GLOBAL_ACCENT_COLOR_NAME = AccentColor;
				ASSETCATALOG_COMPILER_WIDGET_BACKGROUND_COLOR_NAME = WidgetBackground;
				CODE_SIGN_STYLE = Automatic;
				CURRENT_PROJECT_VERSION = 1;
				DEVELOPMENT_TEAM = 4RT84M99N4;
				GENERATE_INFOPLIST_FILE = YES;
				INFOPLIST_FILE = PriceGraphWidget/Info.plist;
				INFOPLIST_KEY_CFBundleDisplayName = PriceGraphWidget;
				INFOPLIST_KEY_NSHumanReadableCopyright = "";
				IPHONEOS_DEPLOYMENT_TARGET = 17.0;
				LD_RUNPATH_SEARCH_PATHS = (
					"$(inherited)",
					"@executable_path/Frameworks",
					"@executable_path/../../Frameworks",
				);
				MARKETING_VERSION = 1.0;
				PRODUCT_BUNDLE_IDENTIFIER = beer.robin.PriceGraphWidget;
				PRODUCT_NAME = "$(TARGET_NAME)";
				SDKROOT = iphoneos;
				SKIP_INSTALL = YES;
				SWIFT_EMIT_LOC_STRINGS = YES;
				SWIFT_VERSION = 5.0;
				TARGETED_DEVICE_FAMILY = "1,2";
				VALIDATE_PRODUCT = YES;
			};
			name = Release;
		};
		32E40CEC2A4E1DDD009A1AF2 /* Debug */ = {
			isa = XCBuildConfiguration;
			buildSettings = {
				ASSETCATALOG_COMPILER_GLOBAL_ACCENT_COLOR_NAME = AccentColor;
				ASSETCATALOG_COMPILER_WIDGET_BACKGROUND_COLOR_NAME = WidgetBackground;
				CODE_SIGN_STYLE = Automatic;
				CURRENT_PROJECT_VERSION = 1;
				DEVELOPMENT_TEAM = 4RT84M99N4;
				GENERATE_INFOPLIST_FILE = YES;
				INFOPLIST_FILE = EnergyPriceWidget/Info.plist;
				INFOPLIST_KEY_CFBundleDisplayName = EnergyPriceWidget;
				INFOPLIST_KEY_NSHumanReadableCopyright = "";
				LD_RUNPATH_SEARCH_PATHS = (
					"$(inherited)",
					"@executable_path/Frameworks",
					"@executable_path/../../Frameworks",
					"@executable_path/../../../../Frameworks",
				);
				MARKETING_VERSION = 1.0;
				PRODUCT_BUNDLE_IDENTIFIER = "beer.robin.Energy-Price.watchkitapp.EnergyPriceWidget";
				PRODUCT_NAME = "$(TARGET_NAME)";
				SDKROOT = watchos;
				SKIP_INSTALL = YES;
				SWIFT_EMIT_LOC_STRINGS = YES;
				SWIFT_VERSION = 5.0;
				TARGETED_DEVICE_FAMILY = 4;
				WATCHOS_DEPLOYMENT_TARGET = 10.0;
			};
			name = Debug;
		};
		32E40CED2A4E1DDD009A1AF2 /* Release */ = {
			isa = XCBuildConfiguration;
			buildSettings = {
				ASSETCATALOG_COMPILER_GLOBAL_ACCENT_COLOR_NAME = AccentColor;
				ASSETCATALOG_COMPILER_WIDGET_BACKGROUND_COLOR_NAME = WidgetBackground;
				CODE_SIGN_STYLE = Automatic;
				CURRENT_PROJECT_VERSION = 1;
				DEVELOPMENT_TEAM = 4RT84M99N4;
				GENERATE_INFOPLIST_FILE = YES;
				INFOPLIST_FILE = EnergyPriceWidget/Info.plist;
				INFOPLIST_KEY_CFBundleDisplayName = EnergyPriceWidget;
				INFOPLIST_KEY_NSHumanReadableCopyright = "";
				LD_RUNPATH_SEARCH_PATHS = (
					"$(inherited)",
					"@executable_path/Frameworks",
					"@executable_path/../../Frameworks",
					"@executable_path/../../../../Frameworks",
				);
				MARKETING_VERSION = 1.0;
				PRODUCT_BUNDLE_IDENTIFIER = "beer.robin.Energy-Price.watchkitapp.EnergyPriceWidget";
				PRODUCT_NAME = "$(TARGET_NAME)";
				SDKROOT = watchos;
				SKIP_INSTALL = YES;
				SWIFT_EMIT_LOC_STRINGS = YES;
				SWIFT_VERSION = 5.0;
				TARGETED_DEVICE_FAMILY = 4;
				VALIDATE_PRODUCT = YES;
				WATCHOS_DEPLOYMENT_TARGET = 10.0;
			};
			name = Release;
		};
/* End XCBuildConfiguration section */

/* Begin XCConfigurationList section */
		3279B9C72A4AB61F0055D120 /* Build configuration list for PBXProject "Energy Price" */ = {
			isa = XCConfigurationList;
			buildConfigurations = (
				3279B9F42A4AB6210055D120 /* Debug */,
				3279B9F52A4AB6210055D120 /* Release */,
			);
			defaultConfigurationIsVisible = 0;
			defaultConfigurationName = Release;
		};
		3279B9F62A4AB6210055D120 /* Build configuration list for PBXNativeTarget "Energy Price Watch App" */ = {
			isa = XCConfigurationList;
			buildConfigurations = (
				3279B9F72A4AB6210055D120 /* Debug */,
				3279B9F82A4AB6210055D120 /* Release */,
			);
			defaultConfigurationIsVisible = 0;
			defaultConfigurationName = Release;
		};
		3279B9FA2A4AB6210055D120 /* Build configuration list for PBXNativeTarget "Energy Price" */ = {
			isa = XCConfigurationList;
			buildConfigurations = (
				3279B9FB2A4AB6210055D120 /* Debug */,
				3279B9FC2A4AB6210055D120 /* Release */,
			);
			defaultConfigurationIsVisible = 0;
			defaultConfigurationName = Release;
		};
		3279B9FD2A4AB6210055D120 /* Build configuration list for PBXNativeTarget "Energy Price Watch AppTests" */ = {
			isa = XCConfigurationList;
			buildConfigurations = (
				3279B9FE2A4AB6210055D120 /* Debug */,
				3279B9FF2A4AB6210055D120 /* Release */,
			);
			defaultConfigurationIsVisible = 0;
			defaultConfigurationName = Release;
		};
		3279BA002A4AB6210055D120 /* Build configuration list for PBXNativeTarget "Energy Price Watch AppUITests" */ = {
			isa = XCConfigurationList;
			buildConfigurations = (
				3279BA012A4AB6210055D120 /* Debug */,
				3279BA022A4AB6210055D120 /* Release */,
			);
			defaultConfigurationIsVisible = 0;
			defaultConfigurationName = Release;
		};
		32D94A982A516F7B00D9AA8C /* Build configuration list for PBXNativeTarget "EnergyPriceApp" */ = {
			isa = XCConfigurationList;
			buildConfigurations = (
				32D94A922A516F7B00D9AA8C /* Debug */,
				32D94A932A516F7B00D9AA8C /* Release */,
			);
			defaultConfigurationIsVisible = 0;
			defaultConfigurationName = Release;
		};
		32D94A992A516F7B00D9AA8C /* Build configuration list for PBXNativeTarget "EnergyPriceAppTests" */ = {
			isa = XCConfigurationList;
			buildConfigurations = (
				32D94A942A516F7B00D9AA8C /* Debug */,
				32D94A952A516F7B00D9AA8C /* Release */,
			);
			defaultConfigurationIsVisible = 0;
			defaultConfigurationName = Release;
		};
		32D94A9A2A516F7B00D9AA8C /* Build configuration list for PBXNativeTarget "EnergyPriceAppUITests" */ = {
			isa = XCConfigurationList;
			buildConfigurations = (
				32D94A962A516F7B00D9AA8C /* Debug */,
				32D94A972A516F7B00D9AA8C /* Release */,
			);
			defaultConfigurationIsVisible = 0;
			defaultConfigurationName = Release;
		};
		32E40CD32A4E14EA009A1AF2 /* Build configuration list for PBXNativeTarget "PriceGraphWidgetExtension" */ = {
			isa = XCConfigurationList;
			buildConfigurations = (
				32E40CD42A4E14EA009A1AF2 /* Debug */,
				32E40CD52A4E14EA009A1AF2 /* Release */,
			);
			defaultConfigurationIsVisible = 0;
			defaultConfigurationName = Release;
		};
		32E40CEB2A4E1DDD009A1AF2 /* Build configuration list for PBXNativeTarget "EnergyPriceWidgetExtension" */ = {
			isa = XCConfigurationList;
			buildConfigurations = (
				32E40CEC2A4E1DDD009A1AF2 /* Debug */,
				32E40CED2A4E1DDD009A1AF2 /* Release */,
			);
			defaultConfigurationIsVisible = 0;
			defaultConfigurationName = Release;
		};
/* End XCConfigurationList section */
	};
	rootObject = 3279B9C42A4AB61F0055D120 /* Project object */;
}
